
Microsoft Visual Studio Solution File, Format Version 12.00
# Visual Studio 14
VisualStudioVersion = 14.0.25420.1
MinimumVisualStudioVersion = 10.0.40219.1
Project("{FAE04EC0-301F-11D3-BF4B-00C04F79EFBC}") = "Pintle.Diagnostics", "Pintle.Diagnostics\Pintle.Diagnostics.csproj", "{C142D308-5E59-4651-BE33-8202666A94A7}"
EndProject
Project("{FAE04EC0-301F-11D3-BF4B-00C04F79EFBC}") = "Pintle.Diagnostics.NLog", "Pintle.Diagnostics.NLog\Pintle.Diagnostics.NLog.csproj", "{AFBE124F-7C48-47F0-9C8E-FB5FAEF302ED}"
EndProject
Project("{FAE04EC0-301F-11D3-BF4B-00C04F79EFBC}") = "Pintle.Diagnostics.Sitecore", "Pintle.Diagnostics.Sitecore\Pintle.Diagnostics.Sitecore.csproj", "{3229A9FF-C7C0-4D89-B1BB-6385AE03DCDF}"
EndProject
Global
	GlobalSection(SolutionConfigurationPlatforms) = preSolution
		Debug|Any CPU = Debug|Any CPU
		Release|Any CPU = Release|Any CPU
	EndGlobalSection
	GlobalSection(ProjectConfigurationPlatforms) = postSolution
		{C142D308-5E59-4651-BE33-8202666A94A7}.Debug|Any CPU.ActiveCfg = Debug|Any CPU
		{C142D308-5E59-4651-BE33-8202666A94A7}.Debug|Any CPU.Build.0 = Debug|Any CPU
		{C142D308-5E59-4651-BE33-8202666A94A7}.Release|Any CPU.ActiveCfg = Release|Any CPU
		{C142D308-5E59-4651-BE33-8202666A94A7}.Release|Any CPU.Build.0 = Release|Any CPU
		{AFBE124F-7C48-47F0-9C8E-FB5FAEF302ED}.Debug|Any CPU.ActiveCfg = Debug|Any CPU
		{AFBE124F-7C48-47F0-9C8E-FB5FAEF302ED}.Debug|Any CPU.Build.0 = Debug|Any CPU
		{AFBE124F-7C48-47F0-9C8E-FB5FAEF302ED}.Release|Any CPU.ActiveCfg = Release|Any CPU
		{AFBE124F-7C48-47F0-9C8E-FB5FAEF302ED}.Release|Any CPU.Build.0 = Release|Any CPU
		{3229A9FF-C7C0-4D89-B1BB-6385AE03DCDF}.Debug|Any CPU.ActiveCfg = Debug|Any CPU
		{3229A9FF-C7C0-4D89-B1BB-6385AE03DCDF}.Debug|Any CPU.Build.0 = Debug|Any CPU
		{3229A9FF-C7C0-4D89-B1BB-6385AE03DCDF}.Release|Any CPU.ActiveCfg = Release|Any CPU
		{3229A9FF-C7C0-4D89-B1BB-6385AE03DCDF}.Release|Any CPU.Build.0 = Release|Any CPU
	EndGlobalSection
	GlobalSection(SolutionProperties) = preSolution
		HideSolutionNode = FALSE
	EndGlobalSection
EndGlobal
